
Microsoft Visual Studio Solution File, Format Version 12.00
# Visual Studio 15
VisualStudioVersion = 15.0.28307.168
MinimumVisualStudioVersion = 10.0.40219.1
Project("{9A19103F-16F7-4668-BE54-9A1E7A4F7556}") = "BestFood.API", "BestFood.API\BestFood.API.csproj", "{7DFAB92B-987F-41E2-8CD7-B0B02E5ABCCC}"
EndProject
Project("{9A19103F-16F7-4668-BE54-9A1E7A4F7556}") = "BestFood.DTOs", "BestFood.DTOs\BestFood.DTOs.csproj", "{5564BE6E-4554-4C31-BE67-09AC47AD3A67}"
EndProject
Project("{2150E333-8FDC-42A3-9474-1A3956D46DE8}") = "src", "src", "{648D01A5-A28B-4449-A506-C0BF5A71410D}"
EndProject
Project("{9A19103F-16F7-4668-BE54-9A1E7A4F7556}") = "BetFood.Data", "BetFood.Data\BetFood.Data.csproj", "{B7683327-1B38-4233-8B2F-28ACDB1EB90A}"
EndProject
Project("{9A19103F-16F7-4668-BE54-9A1E7A4F7556}") = "BestFood.Entities", "BestFood.Entities\BestFood.Entities.csproj", "{FCF13F8A-E035-4032-8E1E-C11DC3911A9B}"
EndProject
Project("{9A19103F-16F7-4668-BE54-9A1E7A4F7556}") = "BestFood.Services", "BestFood.Services\BestFood.Services.csproj", "{16D09A56-CE7D-49DC-879D-9A319FED50D1}"
EndProject
Global
	GlobalSection(SolutionConfigurationPlatforms) = preSolution
		Debug|Any CPU = Debug|Any CPU
		Release|Any CPU = Release|Any CPU
	EndGlobalSection
	GlobalSection(ProjectConfigurationPlatforms) = postSolution
		{7DFAB92B-987F-41E2-8CD7-B0B02E5ABCCC}.Debug|Any CPU.ActiveCfg = Debug|Any CPU
		{7DFAB92B-987F-41E2-8CD7-B0B02E5ABCCC}.Debug|Any CPU.Build.0 = Debug|Any CPU
		{7DFAB92B-987F-41E2-8CD7-B0B02E5ABCCC}.Release|Any CPU.ActiveCfg = Release|Any CPU
		{7DFAB92B-987F-41E2-8CD7-B0B02E5ABCCC}.Release|Any CPU.Build.0 = Release|Any CPU
		{5564BE6E-4554-4C31-BE67-09AC47AD3A67}.Debug|Any CPU.ActiveCfg = Debug|Any CPU
		{5564BE6E-4554-4C31-BE67-09AC47AD3A67}.Debug|Any CPU.Build.0 = Debug|Any CPU
		{5564BE6E-4554-4C31-BE67-09AC47AD3A67}.Release|Any CPU.ActiveCfg = Release|Any CPU
		{5564BE6E-4554-4C31-BE67-09AC47AD3A67}.Release|Any CPU.Build.0 = Release|Any CPU
		{B7683327-1B38-4233-8B2F-28ACDB1EB90A}.Debug|Any CPU.ActiveCfg = Debug|Any CPU
		{B7683327-1B38-4233-8B2F-28ACDB1EB90A}.Debug|Any CPU.Build.0 = Debug|Any CPU
		{B7683327-1B38-4233-8B2F-28ACDB1EB90A}.Release|Any CPU.ActiveCfg = Release|Any CPU
		{B7683327-1B38-4233-8B2F-28ACDB1EB90A}.Release|Any CPU.Build.0 = Release|Any CPU
		{FCF13F8A-E035-4032-8E1E-C11DC3911A9B}.Debug|Any CPU.ActiveCfg = Debug|Any CPU
		{FCF13F8A-E035-4032-8E1E-C11DC3911A9B}.Debug|Any CPU.Build.0 = Debug|Any CPU
		{FCF13F8A-E035-4032-8E1E-C11DC3911A9B}.Release|Any CPU.ActiveCfg = Release|Any CPU
		{FCF13F8A-E035-4032-8E1E-C11DC3911A9B}.Release|Any CPU.Build.0 = Release|Any CPU
		{16D09A56-CE7D-49DC-879D-9A319FED50D1}.Debug|Any CPU.ActiveCfg = Debug|Any CPU
		{16D09A56-CE7D-49DC-879D-9A319FED50D1}.Debug|Any CPU.Build.0 = Debug|Any CPU
		{16D09A56-CE7D-49DC-879D-9A319FED50D1}.Release|Any CPU.ActiveCfg = Release|Any CPU
		{16D09A56-CE7D-49DC-879D-9A319FED50D1}.Release|Any CPU.Build.0 = Release|Any CPU
	EndGlobalSection
	GlobalSection(SolutionProperties) = preSolution
		HideSolutionNode = FALSE
	EndGlobalSection
	GlobalSection(NestedProjects) = preSolution
		{7DFAB92B-987F-41E2-8CD7-B0B02E5ABCCC} = {648D01A5-A28B-4449-A506-C0BF5A71410D}
		{5564BE6E-4554-4C31-BE67-09AC47AD3A67} = {648D01A5-A28B-4449-A506-C0BF5A71410D}
		{B7683327-1B38-4233-8B2F-28ACDB1EB90A} = {648D01A5-A28B-4449-A506-C0BF5A71410D}
		{FCF13F8A-E035-4032-8E1E-C11DC3911A9B} = {648D01A5-A28B-4449-A506-C0BF5A71410D}
		{16D09A56-CE7D-49DC-879D-9A319FED50D1} = {648D01A5-A28B-4449-A506-C0BF5A71410D}
	EndGlobalSection
	GlobalSection(ExtensibilityGlobals) = postSolution
		SolutionGuid = {D9DC0E0D-084B-433C-8DB4-41414C640CB3}
	EndGlobalSection
EndGlobal
